
Microsoft Visual Studio Solution File, Format Version 12.00
# Visual Studio Version 17
VisualStudioVersion = 17.14.37628.2
MinimumVisualStudioVersion = 10.0.40219.1
Project("{FAE04EC0-301F-11D3-BF4B-00C04F79EFBC}") = "SmartInventory", "SmartInventory\SmartInventory.csproj", "{9487D1A6-73D1-4EFD-8AC8-3E602ADCC816}"
EndProject
Global
	GlobalSection(SolutionConfigurationPlatforms) = preSolution
		Debug|Any CPU = Debug|Any CPU
		Release|Any CPU = Release|Any CPU
	EndGlobalSection
	GlobalSection(ProjectConfigurationPlatforms) = postSolution
		{9487D1A6-73D1-4EFD-8AC8-3E602ADCC816}.Debug|Any CPU.ActiveCfg = Debug|Any CPU
		{9487D1A6-73D1-4EFD-8AC8-3E602ADCC816}.Debug|Any CPU.Build.0 = Debug|Any CPU
		{9487D1A6-73D1-4EFD-8AC8-3E602ADCC816}.Release|Any CPU.ActiveCfg = Release|Any CPU
		{9487D1A6-73D1-4EFD-8AC8-3E602ADCC816}.Release|Any CPU.Build.0 = Release|Any CPU
	EndGlobalSection
	GlobalSection(SolutionProperties) = preSolution
		HideSolutionNode = FALSE
	EndGlobalSection
	GlobalSection(ExtensibilityGlobals) = postSolution
		SolutionGuid = {D83A86C7-C2E6-4E0C-9315-7C985D2CCE66}
	EndGlobalSection
EndGlobal
